// !$*UTF8*$!
{
	archiveVersion = 1;
	classes = {
	};
	objectVersion = 50;
	objects = {

/* Begin PBXBuildFile section */
		B104F52440567EFE2B9F5CBD /* Pods_My_Pods_and_Casts.framework in Frameworks */ = {isa = PBXBuildFile; fileRef = 18369A605930ADA93A6C5D5D /* Pods_My_Pods_and_Casts.framework */; };
		BD4E424C212DD02600E12A42 /* PodcastsCell.xib in Resources */ = {isa = PBXBuildFile; fileRef = BD4E424B212DD02600E12A42 /* PodcastsCell.xib */; };
		BD4E424E212DD6D700E12A42 /* PodcastsCell.swift in Sources */ = {isa = PBXBuildFile; fileRef = BD4E424D212DD6D700E12A42 /* PodcastsCell.swift */; };
		BD4E4250212E238100E12A42 /* EpisodesController.swift in Sources */ = {isa = PBXBuildFile; fileRef = BD4E424F212E238100E12A42 /* EpisodesController.swift */; };
		BDA8AD6A2125ECA4002063A2 /* APIService.swift in Sources */ = {isa = PBXBuildFile; fileRef = BDA8AD692125ECA4002063A2 /* APIService.swift */; };
		BDB7C66B2124985900820726 /* AppDelegate.swift in Sources */ = {isa = PBXBuildFile; fileRef = BDB7C66A2124985900820726 /* AppDelegate.swift */; };
		BDB7C66D2124985900820726 /* PodcastsSearchController.swift in Sources */ = {isa = PBXBuildFile; fileRef = BDB7C66C2124985900820726 /* PodcastsSearchController.swift */; };
		BDB7C6702124985900820726 /* Main.storyboard in Resources */ = {isa = PBXBuildFile; fileRef = BDB7C66E2124985900820726 /* Main.storyboard */; };
		BDB7C6722124985D00820726 /* Assets.xcassets in Resources */ = {isa = PBXBuildFile; fileRef = BDB7C6712124985D00820726 /* Assets.xcassets */; };
		BDB7C6752124985D00820726 /* LaunchScreen.storyboard in Resources */ = {isa = PBXBuildFile; fileRef = BDB7C6732124985D00820726 /* LaunchScreen.storyboard */; };
		BDB7C67D21249AF700820726 /* MainTabBarController.swift in Sources */ = {isa = PBXBuildFile; fileRef = BDB7C67C21249AF700820726 /* MainTabBarController.swift */; };
		BDB7C67F21249C1000820726 /* FavoritesController.swift in Sources */ = {isa = PBXBuildFile; fileRef = BDB7C67E21249C1000820726 /* FavoritesController.swift */; };
		BDB7C68121249F5000820726 /* downloadsController.swift in Sources */ = {isa = PBXBuildFile; fileRef = BDB7C68021249F5000820726 /* downloadsController.swift */; };
		BDB7C6852124A87A00820726 /* Podcast.swift in Sources */ = {isa = PBXBuildFile; fileRef = BDB7C6842124A87A00820726 /* Podcast.swift */; };
/* End PBXBuildFile section */

/* Begin PBXFileReference section */
		18369A605930ADA93A6C5D5D /* Pods_My_Pods_and_Casts.framework */ = {isa = PBXFileReference; explicitFileType = wrapper.framework; includeInIndex = 0; path = Pods_My_Pods_and_Casts.framework; sourceTree = BUILT_PRODUCTS_DIR; };
		1FBE0CDFE7D12456E0962EA2 /* Pods-My Pods and Casts.release.xcconfig */ = {isa = PBXFileReference; includeInIndex = 1; lastKnownFileType = text.xcconfig; name = "Pods-My Pods and Casts.release.xcconfig"; path = "Pods/Target Support Files/Pods-My Pods and Casts/Pods-My Pods and Casts.release.xcconfig"; sourceTree = "<group>"; };
		BD4E424B212DD02600E12A42 /* PodcastsCell.xib */ = {isa = PBXFileReference; lastKnownFileType = file.xib; path = PodcastsCell.xib; sourceTree = "<group>"; };
		BD4E424D212DD6D700E12A42 /* PodcastsCell.swift */ = {isa = PBXFileReference; lastKnownFileType = sourcecode.swift; path = PodcastsCell.swift; sourceTree = "<group>"; };
		BD4E424F212E238100E12A42 /* EpisodesController.swift */ = {isa = PBXFileReference; lastKnownFileType = sourcecode.swift; path = EpisodesController.swift; sourceTree = "<group>"; };
		BDA8AD692125ECA4002063A2 /* APIService.swift */ = {isa = PBXFileReference; lastKnownFileType = sourcecode.swift; path = APIService.swift; sourceTree = "<group>"; };
		BDB7C6672124985900820726 /* My Pods and Casts.app */ = {isa = PBXFileReference; explicitFileType = wrapper.application; includeInIndex = 0; path = "My Pods and Casts.app"; sourceTree = BUILT_PRODUCTS_DIR; };
		BDB7C66A2124985900820726 /* AppDelegate.swift */ = {isa = PBXFileReference; lastKnownFileType = sourcecode.swift; path = AppDelegate.swift; sourceTree = "<group>"; };
		BDB7C66C2124985900820726 /* PodcastsSearchController.swift */ = {isa = PBXFileReference; lastKnownFileType = sourcecode.swift; path = PodcastsSearchController.swift; sourceTree = "<group>"; };
		BDB7C66F2124985900820726 /* Base */ = {isa = PBXFileReference; lastKnownFileType = file.storyboard; name = Base; path = Base.lproj/Main.storyboard; sourceTree = "<group>"; };
		BDB7C6712124985D00820726 /* Assets.xcassets */ = {isa = PBXFileReference; lastKnownFileType = folder.assetcatalog; path = Assets.xcassets; sourceTree = "<group>"; };
		BDB7C6742124985D00820726 /* Base */ = {isa = PBXFileReference; lastKnownFileType = file.storyboard; name = Base; path = Base.lproj/LaunchScreen.storyboard; sourceTree = "<group>"; };
		BDB7C6762124985D00820726 /* Info.plist */ = {isa = PBXFileReference; lastKnownFileType = text.plist.xml; path = Info.plist; sourceTree = "<group>"; };
		BDB7C67C21249AF700820726 /* MainTabBarController.swift */ = {isa = PBXFileReference; lastKnownFileType = sourcecode.swift; path = MainTabBarController.swift; sourceTree = "<group>"; };
		BDB7C67E21249C1000820726 /* FavoritesController.swift */ = {isa = PBXFileReference; lastKnownFileType = sourcecode.swift; path = FavoritesController.swift; sourceTree = "<group>"; };
		BDB7C68021249F5000820726 /* downloadsController.swift */ = {isa = PBXFileReference; lastKnownFileType = sourcecode.swift; path = downloadsController.swift; sourceTree = "<group>"; };
		BDB7C6842124A87A00820726 /* Podcast.swift */ = {isa = PBXFileReference; lastKnownFileType = sourcecode.swift; path = Podcast.swift; sourceTree = "<group>"; };
		FFB7D3EFF24E5079BCE18292 /* Pods-My Pods and Casts.debug.xcconfig */ = {isa = PBXFileReference; includeInIndex = 1; lastKnownFileType = text.xcconfig; name = "Pods-My Pods and Casts.debug.xcconfig"; path = "Pods/Target Support Files/Pods-My Pods and Casts/Pods-My Pods and Casts.debug.xcconfig"; sourceTree = "<group>"; };
/* End PBXFileReference section */

/* Begin PBXFrameworksBuildPhase section */
		BDB7C6642124985900820726 /* Frameworks */ = {
			isa = PBXFrameworksBuildPhase;
			buildActionMask = 2147483647;
			files = (
				B104F52440567EFE2B9F5CBD /* Pods_My_Pods_and_Casts.framework in Frameworks */,
			);
			runOnlyForDeploymentPostprocessing = 0;
		};
/* End PBXFrameworksBuildPhase section */

/* Begin PBXGroup section */
		8747BD6493468C23923C84FB /* Frameworks */ = {
			isa = PBXGroup;
			children = (
				18369A605930ADA93A6C5D5D /* Pods_My_Pods_and_Casts.framework */,
			);
			name = Frameworks;
			sourceTree = "<group>";
		};
		A0C12B98C48CDF1AE004DD54 /* Pods */ = {
			isa = PBXGroup;
			children = (
				FFB7D3EFF24E5079BCE18292 /* Pods-My Pods and Casts.debug.xcconfig */,
				1FBE0CDFE7D12456E0962EA2 /* Pods-My Pods and Casts.release.xcconfig */,
			);
			name = Pods;
			sourceTree = "<group>";
		};
		BD4E424A212DCFF400E12A42 /* Views */ = {
			isa = PBXGroup;
			children = (
				BD4E424B212DD02600E12A42 /* PodcastsCell.xib */,
				BD4E424D212DD6D700E12A42 /* PodcastsCell.swift */,
			);
			path = Views;
			sourceTree = "<group>";
		};
		BDA8AD682125EC8E002063A2 /* API */ = {
			isa = PBXGroup;
			children = (
				BDA8AD692125ECA4002063A2 /* APIService.swift */,
			);
			path = API;
			sourceTree = "<group>";
		};
		BDB7C65E2124985900820726 = {
			isa = PBXGroup;
			children = (
				BDB7C6692124985900820726 /* My Pods and Casts */,
				BDB7C6682124985900820726 /* Products */,
				A0C12B98C48CDF1AE004DD54 /* Pods */,
				8747BD6493468C23923C84FB /* Frameworks */,
			);
			sourceTree = "<group>";
		};
		BDB7C6682124985900820726 /* Products */ = {
			isa = PBXGroup;
			children = (
				BDB7C6672124985900820726 /* My Pods and Casts.app */,
			);
			name = Products;
			sourceTree = "<group>";
		};
		BDB7C6692124985900820726 /* My Pods and Casts */ = {
			isa = PBXGroup;
			children = (
				BDB7C66A2124985900820726 /* AppDelegate.swift */,
				BDB7C67C21249AF700820726 /* MainTabBarController.swift */,
				BDA8AD682125EC8E002063A2 /* API */,
				BDB7C6832124A86500820726 /* Model */,
				BD4E424A212DCFF400E12A42 /* Views */,
				BDB7C6822124A79D00820726 /* Controllers */,
				BDB7C67E21249C1000820726 /* FavoritesController.swift */,
				BDB7C68021249F5000820726 /* downloadsController.swift */,
				BDB7C66E2124985900820726 /* Main.storyboard */,
				BDB7C6712124985D00820726 /* Assets.xcassets */,
				BDB7C6732124985D00820726 /* LaunchScreen.storyboard */,
				BDB7C6762124985D00820726 /* Info.plist */,
			);
			path = "My Pods and Casts";
			sourceTree = "<group>";
		};
		BDB7C6822124A79D00820726 /* Controllers */ = {
			isa = PBXGroup;
			children = (
				BDB7C66C2124985900820726 /* PodcastsSearchController.swift */,
				BD4E424F212E238100E12A42 /* EpisodesController.swift */,
			);
			path = Controllers;
			sourceTree = "<group>";
		};
		BDB7C6832124A86500820726 /* Model */ = {
			isa = PBXGroup;
			children = (
				BDB7C6842124A87A00820726 /* Podcast.swift */,
			);
			path = Model;
			sourceTree = "<group>";
		};
/* End PBXGroup section */

/* Begin PBXNativeTarget section */
		BDB7C6662124985900820726 /* My Pods and Casts */ = {
			isa = PBXNativeTarget;
			buildConfigurationList = BDB7C6792124985D00820726 /* Build configuration list for PBXNativeTarget "My Pods and Casts" */;
			buildPhases = (
				B21ADA671AA339275B999AF4 /* [CP] Check Pods Manifest.lock */,
				BDB7C6632124985900820726 /* Sources */,
				BDB7C6642124985900820726 /* Frameworks */,
				BDB7C6652124985900820726 /* Resources */,
				813143DF0885A1D615D20FCA /* [CP] Embed Pods Frameworks */,
			);
			buildRules = (
			);
			dependencies = (
			);
			name = "My Pods and Casts";
			productName = "My Pods and Casts";
			productReference = BDB7C6672124985900820726 /* My Pods and Casts.app */;
			productType = "com.apple.product-type.application";
		};
/* End PBXNativeTarget section */

/* Begin PBXProject section */
		BDB7C65F2124985900820726 /* Project object */ = {
			isa = PBXProject;
			attributes = {
				LastSwiftUpdateCheck = 0940;
				LastUpgradeCheck = 0940;
				ORGANIZATIONNAME = "Viswa Kodela";
				TargetAttributes = {
					BDB7C6662124985900820726 = {
						CreatedOnToolsVersion = 9.4.1;
					};
				};
			};
			buildConfigurationList = BDB7C6622124985900820726 /* Build configuration list for PBXProject "My Pods and Casts" */;
			compatibilityVersion = "Xcode 9.3";
			developmentRegion = en;
			hasScannedForEncodings = 0;
			knownRegions = (
				en,
				Base,
			);
			mainGroup = BDB7C65E2124985900820726;
			productRefGroup = BDB7C6682124985900820726 /* Products */;
			projectDirPath = "";
			projectRoot = "";
			targets = (
				BDB7C6662124985900820726 /* My Pods and Casts */,
			);
		};
/* End PBXProject section */

/* Begin PBXResourcesBuildPhase section */
		BDB7C6652124985900820726 /* Resources */ = {
			isa = PBXResourcesBuildPhase;
			buildActionMask = 2147483647;
			files = (
				BDB7C6752124985D00820726 /* LaunchScreen.storyboard in Resources */,
				BD4E424C212DD02600E12A42 /* PodcastsCell.xib in Resources */,
				BDB7C6722124985D00820726 /* Assets.xcassets in Resources */,
				BDB7C6702124985900820726 /* Main.storyboard in Resources */,
			);
			runOnlyForDeploymentPostprocessing = 0;
		};
/* End PBXResourcesBuildPhase section */

/* Begin PBXShellScriptBuildPhase section */
		813143DF0885A1D615D20FCA /* [CP] Embed Pods Frameworks */ = {
			isa = PBXShellScriptBuildPhase;
			buildActionMask = 2147483647;
			files = (
			);
			inputPaths = (
				"${SRCROOT}/Pods/Target Support Files/Pods-My Pods and Casts/Pods-My Pods and Casts-frameworks.sh",
				"${BUILT_PRODUCTS_DIR}/Alamofire/Alamofire.framework",
				"${BUILT_PRODUCTS_DIR}/FeedKit/FeedKit.framework",
				"${BUILT_PRODUCTS_DIR}/SDWebImage/SDWebImage.framework",
			);
			name = "[CP] Embed Pods Frameworks";
			outputPaths = (
				"${TARGET_BUILD_DIR}/${FRAMEWORKS_FOLDER_PATH}/Alamofire.framework",
				"${TARGET_BUILD_DIR}/${FRAMEWORKS_FOLDER_PATH}/FeedKit.framework",
				"${TARGET_BUILD_DIR}/${FRAMEWORKS_FOLDER_PATH}/SDWebImage.framework",
			);
			runOnlyForDeploymentPostprocessing = 0;
			shellPath = /bin/sh;
			shellScript = "\"${SRCROOT}/Pods/Target Support Files/Pods-My Pods and Casts/Pods-My Pods and Casts-frameworks.sh\"\n";
			showEnvVarsInLog = 0;
		};
		B21ADA671AA339275B999AF4 /* [CP] Check Pods Manifest.lock */ = {
			isa = PBXShellScriptBuildPhase;
			buildActionMask = 2147483647;
			files = (
			);
			inputPaths = (
				"${PODS_PODFILE_DIR_PATH}/Podfile.lock",
				"${PODS_ROOT}/Manifest.lock",
			);
			name = "[CP] Check Pods Manifest.lock";
			outputPaths = (
				"$(DERIVED_FILE_DIR)/Pods-My Pods and Casts-checkManifestLockResult.txt",
			);
			runOnlyForDeploymentPostprocessing = 0;
			shellPath = /bin/sh;
			shellScript = "diff \"${PODS_PODFILE_DIR_PATH}/Podfile.lock\" \"${PODS_ROOT}/Manifest.lock\" > /dev/null\nif [ $? != 0 ] ; then\n    # print error to STDERR\n    echo \"error: The sandbox is not in sync with the Podfile.lock. Run 'pod install' or update your CocoaPods installation.\" >&2\n    exit 1\nfi\n# This output is used by Xcode 'outputs' to avoid re-running this script phase.\necho \"SUCCESS\" > \"${SCRIPT_OUTPUT_FILE_0}\"\n";
			showEnvVarsInLog = 0;
		};
/* End PBXShellScriptBuildPhase section */

/* Begin PBXSourcesBuildPhase section */
		BDB7C6632124985900820726 /* Sources */ = {
			isa = PBXSourcesBuildPhase;
			buildActionMask = 2147483647;
			files = (
				BDB7C66D2124985900820726 /* PodcastsSearchController.swift in Sources */,
				BDB7C68121249F5000820726 /* downloadsController.swift in Sources */,
				BDB7C6852124A87A00820726 /* Podcast.swift in Sources */,
				BDB7C66B2124985900820726 /* AppDelegate.swift in Sources */,
				BDA8AD6A2125ECA4002063A2 /* APIService.swift in Sources */,
				BDB7C67D21249AF700820726 /* MainTabBarController.swift in Sources */,
				BD4E424E212DD6D700E12A42 /* PodcastsCell.swift in Sources */,
				BDB7C67F21249C1000820726 /* FavoritesController.swift in Sources */,
				BD4E4250212E238100E12A42 /* EpisodesController.swift in Sources */,
			);
			runOnlyForDeploymentPostprocessing = 0;
		};
/* End PBXSourcesBuildPhase section */

/* Begin PBXVariantGroup section */
		BDB7C66E2124985900820726 /* Main.storyboard */ = {
			isa = PBXVariantGroup;
			children = (
				BDB7C66F2124985900820726 /* Base */,
			);
			name = Main.storyboard;
			sourceTree = "<group>";
		};
		BDB7C6732124985D00820726 /* LaunchScreen.storyboard */ = {
			isa = PBXVariantGroup;
			children = (
				BDB7C6742124985D00820726 /* Base */,
			);
			name = LaunchScreen.storyboard;
			sourceTree = "<group>";
		};
/* End PBXVariantGroup section */

/* Begin XCBuildConfiguration section */
		BDB7C6772124985D00820726 /* Debug */ = {
			isa = XCBuildConfiguration;
			buildSettings = {
				ALWAYS_SEARCH_USER_PATHS = NO;
				CLANG_ANALYZER_NONNULL = YES;
				CLANG_ANALYZER_NUMBER_OBJECT_CONVERSION = YES_AGGRESSIVE;
				CLANG_CXX_LANGUAGE_STANDARD = "gnu++14";
				CLANG_CXX_LIBRARY = "libc++";
				CLANG_ENABLE_MODULES = YES;
				CLANG_ENABLE_OBJC_ARC = YES;
				CLANG_ENABLE_OBJC_WEAK = YES;
				CLANG_WARN_BLOCK_CAPTURE_AUTORELEASING = YES;
				CLANG_WARN_BOOL_CONVERSION = YES;
				CLANG_WARN_COMMA = YES;
				CLANG_WARN_CONSTANT_CONVERSION = YES;
				CLANG_WARN_DEPRECATED_OBJC_IMPLEMENTATIONS = YES;
				CLANG_WARN_DIRECT_OBJC_ISA_USAGE = YES_ERROR;
				CLANG_WARN_DOCUMENTATION_COMMENTS = YES;
				CLANG_WARN_EMPTY_BODY = YES;
				CLANG_WARN_ENUM_CONVERSION = YES;
				CLANG_WARN_INFINITE_RECURSION = YES;
				CLANG_WARN_INT_CONVERSION = YES;
				CLANG_WARN_NON_LITERAL_NULL_CONVERSION = YES;
				CLANG_WARN_OBJC_IMPLICIT_RETAIN_SELF = YES;
				CLANG_WARN_OBJC_LITERAL_CONVERSION = YES;
				CLANG_WARN_OBJC_ROOT_CLASS = YES_ERROR;
				CLANG_WARN_RANGE_LOOP_ANALYSIS = YES;
				CLANG_WARN_STRICT_PROTOTYPES = YES;
				CLANG_WARN_SUSPICIOUS_MOVE = YES;
				CLANG_WARN_UNGUARDED_AVAILABILITY = YES_AGGRESSIVE;
				CLANG_WARN_UNREACHABLE_CODE = YES;
				CLANG_WARN__DUPLICATE_METHOD_MATCH = YES;
				CODE_SIGN_IDENTITY = "iPhone Developer";
				COPY_PHASE_STRIP = NO;
				DEBUG_INFORMATION_FORMAT = dwarf;
				ENABLE_STRICT_OBJC_MSGSEND = YES;
				ENABLE_TESTABILITY = YES;
				GCC_C_LANGUAGE_STANDARD = gnu11;
				GCC_DYNAMIC_NO_PIC = NO;
				GCC_NO_COMMON_BLOCKS = YES;
				GCC_OPTIMIZATION_LEVEL = 0;
				GCC_PREPROCESSOR_DEFINITIONS = (
					"DEBUG=1",
					"$(inherited)",
				);
				GCC_WARN_64_TO_32_BIT_CONVERSION = YES;
				GCC_WARN_ABOUT_RETURN_TYPE = YES_ERROR;
				GCC_WARN_UNDECLARED_SELECTOR = YES;
				GCC_WARN_UNINITIALIZED_AUTOS = YES_AGGRESSIVE;
				GCC_WARN_UNUSED_FUNCTION = YES;
				GCC_WARN_UNUSED_VARIABLE = YES;
				IPHONEOS_DEPLOYMENT_TARGET = 11.4;
				MTL_ENABLE_DEBUG_INFO = YES;
				ONLY_ACTIVE_ARCH = YES;
				SDKROOT = iphoneos;
				SWIFT_ACTIVE_COMPILATION_CONDITIONS = DEBUG;
				SWIFT_OPTIMIZATION_LEVEL = "-Onone";
			};
			name = Debug;
		};
		BDB7C6782124985D00820726 /* Release */ = {
			isa = XCBuildConfiguration;
			buildSettings = {
				ALWAYS_SEARCH_USER_PATHS = NO;
				CLANG_ANALYZER_NONNULL = YES;
				CLANG_ANALYZER_NUMBER_OBJECT_CONVERSION = YES_AGGRESSIVE;
				CLANG_CXX_LANGUAGE_STANDARD = "gnu++14";
				CLANG_CXX_LIBRARY = "libc++";
				CLANG_ENABLE_MODULES = YES;
				CLANG_ENABLE_OBJC_ARC = YES;
				CLANG_ENABLE_OBJC_WEAK = YES;
				CLANG_WARN_BLOCK_CAPTURE_AUTORELEASING = YES;
				CLANG_WARN_BOOL_CONVERSION = YES;
				CLANG_WARN_COMMA = YES;
				CLANG_WARN_CONSTANT_CONVERSION = YES;
				CLANG_WARN_DEPRECATED_OBJC_IMPLEMENTATIONS = YES;
				CLANG_WARN_DIRECT_OBJC_ISA_USAGE = YES_ERROR;
				CLANG_WARN_DOCUMENTATION_COMMENTS = YES;
				CLANG_WARN_EMPTY_BODY = YES;
				CLANG_WARN_ENUM_CONVERSION = YES;
				CLANG_WARN_INFINITE_RECURSION = YES;
				CLANG_WARN_INT_CONVERSION = YES;
				CLANG_WARN_NON_LITERAL_NULL_CONVERSION = YES;
				CLANG_WARN_OBJC_IMPLICIT_RETAIN_SELF = YES;
				CLANG_WARN_OBJC_LITERAL_CONVERSION = YES;
				CLANG_WARN_OBJC_ROOT_CLASS = YES_ERROR;
				CLANG_WARN_RANGE_LOOP_ANALYSIS = YES;
				CLANG_WARN_STRICT_PROTOTYPES = YES;
				CLANG_WARN_SUSPICIOUS_MOVE = YES;
				CLANG_WARN_UNGUARDED_AVAILABILITY = YES_AGGRESSIVE;
				CLANG_WARN_UNREACHABLE_CODE = YES;
				CLANG_WARN__DUPLICATE_METHOD_MATCH = YES;
				CODE_SIGN_IDENTITY = "iPhone Developer";
				COPY_PHASE_STRIP = NO;
				DEBUG_INFORMATION_FORMAT = "dwarf-with-dsym";
				ENABLE_NS_ASSERTIONS = NO;
				ENABLE_STRICT_OBJC_MSGSEND = YES;
				GCC_C_LANGUAGE_STANDARD = gnu11;
				GCC_NO_COMMON_BLOCKS = YES;
				GCC_WARN_64_TO_32_BIT_CONVERSION = YES;
				GCC_WARN_ABOUT_RETURN_TYPE = YES_ERROR;
				GCC_WARN_UNDECLARED_SELECTOR = YES;
				GCC_WARN_UNINITIALIZED_AUTOS = YES_AGGRESSIVE;
				GCC_WARN_UNUSED_FUNCTION = YES;
				GCC_WARN_UNUSED_VARIABLE = YES;
				IPHONEOS_DEPLOYMENT_TARGET = 11.4;
				MTL_ENABLE_DEBUG_INFO = NO;
				SDKROOT = iphoneos;
				SWIFT_COMPILATION_MODE = wholemodule;
				SWIFT_OPTIMIZATION_LEVEL = "-O";
				VALIDATE_PRODUCT = YES;
			};
			name = Release;
		};
		BDB7C67A2124985D00820726 /* Debug */ = {
			isa = XCBuildConfiguration;
			baseConfigurationReference = FFB7D3EFF24E5079BCE18292 /* Pods-My Pods and Casts.debug.xcconfig */;
			buildSettings = {
				ASSETCATALOG_COMPILER_APPICON_NAME = AppIcon;
				CODE_SIGN_STYLE = Automatic;
				DEVELOPMENT_TEAM = SFNG7GVEK8;
				INFOPLIST_FILE = "My Pods and Casts/Info.plist";
				LD_RUNPATH_SEARCH_PATHS = (
					"$(inherited)",
					"@executable_path/Frameworks",
				);
				OTHER_LDFLAGS = (
					"$(inherited)",
					"-ObjC",
				);
				PRODUCT_BUNDLE_IDENTIFIER = "com.viswakodela.My-Pods-and-Casts";
				PRODUCT_NAME = "$(TARGET_NAME)";
				SWIFT_VERSION = 4.0;
				TARGETED_DEVICE_FAMILY = "1,2";
			};
			name = Debug;
		};
		BDB7C67B2124985D00820726 /* Release */ = {
			isa = XCBuildConfiguration;
			baseConfigurationReference = 1FBE0CDFE7D12456E0962EA2 /* Pods-My Pods and Casts.release.xcconfig */;
			buildSettings = {
				ASSETCATALOG_COMPILER_APPICON_NAME = AppIcon;
				CODE_SIGN_STYLE = Automatic;
				DEVELOPMENT_TEAM = SFNG7GVEK8;
				INFOPLIST_FILE = "My Pods and Casts/Info.plist";
				LD_RUNPATH_SEARCH_PATHS = (
					"$(inherited)",
					"@executable_path/Frameworks",
				);
				OTHER_LDFLAGS = (
					"$(inherited)",
					"-ObjC",
				);
				PRODUCT_BUNDLE_IDENTIFIER = "com.viswakodela.My-Pods-and-Casts";
				PRODUCT_NAME = "$(TARGET_NAME)";
				SWIFT_VERSION = 4.0;
				TARGETED_DEVICE_FAMILY = "1,2";
			};
			name = Release;
		};
/* End XCBuildConfiguration section */

/* Begin XCConfigurationList section */
		BDB7C6622124985900820726 /* Build configuration list for PBXProject "My Pods and Casts" */ = {
			isa = XCConfigurationList;
			buildConfigurations = (
				BDB7C6772124985D00820726 /* Debug */,
				BDB7C6782124985D00820726 /* Release */,
			);
			defaultConfigurationIsVisible = 0;
			defaultConfigurationName = Release;
		};
		BDB7C6792124985D00820726 /* Build configuration list for PBXNativeTarget "My Pods and Casts" */ = {
			isa = XCConfigurationList;
			buildConfigurations = (
				BDB7C67A2124985D00820726 /* Debug */,
				BDB7C67B2124985D00820726 /* Release */,
			);
			defaultConfigurationIsVisible = 0;
			defaultConfigurationName = Release;
		};
/* End XCConfigurationList section */
	};
	rootObject = BDB7C65F2124985900820726 /* Project object */;
}
